
Microsoft Visual Studio Solution File, Format Version 12.00
# Visual Studio Version 17
VisualStudioVersion = 17.0.32014.148
MinimumVisualStudioVersion = 10.0.40219.1
Project("{9A19103F-16F7-4668-BE54-9A1E7A4F7556}") = "Tagsekel_administrator", "Tagsekel_administrator\Tagsekel_administrator.csproj", "{94A728AE-3F78-44B6-9749-3B65C2FB336B}"
EndProject
Global
	GlobalSection(SolutionConfigurationPlatforms) = preSolution
		Debug|Any CPU = Debug|Any CPU
		Release|Any CPU = Release|Any CPU
	EndGlobalSection
	GlobalSection(ProjectConfigurationPlatforms) = postSolution
		{94A728AE-3F78-44B6-9749-3B65C2FB336B}.Debug|Any CPU.ActiveCfg = Debug|Any CPU
		{94A728AE-3F78-44B6-9749-3B65C2FB336B}.Debug|Any CPU.Build.0 = Debug|Any CPU
		{94A728AE-3F78-44B6-9749-3B65C2FB336B}.Release|Any CPU.ActiveCfg = Release|Any CPU
		{94A728AE-3F78-44B6-9749-3B65C2FB336B}.Release|Any CPU.Build.0 = Release|Any CPU
	EndGlobalSection
	GlobalSection(SolutionProperties) = preSolution
		HideSolutionNode = FALSE
	EndGlobalSection
	GlobalSection(ExtensibilityGlobals) = postSolution
		SolutionGuid = {5D34B76E-8D6A-4E8C-966D-0A788B55E3BC}
	EndGlobalSection
EndGlobal
